
Microsoft Visual Studio Solution File, Format Version 12.00
# Visual Studio 2013
VisualStudioVersion = 12.0.30501.0
MinimumVisualStudioVersion = 10.0.40219.1
Project("{FAE04EC0-301F-11D3-BF4B-00C04F79EFBC}") = "Pilipala.Data.UnitTests", "Pilipala.Data.UnitTests\Pilipala.Data.UnitTests.csproj", "{7C00046B-0A22-438F-AFEA-499620D90D0A}"
EndProject
Project("{2150E333-8FDC-42A3-9474-1A3956D46DE8}") = "UnitTests", "UnitTests", "{23C006F9-61C8-4FF2-8E87-A907DB06D727}"
EndProject
Project("{FAE04EC0-301F-11D3-BF4B-00C04F79EFBC}") = "Pilipala.Data", "Pilipala.Data\Pilipala.Data.csproj", "{7F9BAF5D-EA0F-4084-96E9-D147D5CF310F}"
EndProject
Global
	GlobalSection(SolutionConfigurationPlatforms) = preSolution
		Debug|Any CPU = Debug|Any CPU
		Release|Any CPU = Release|Any CPU
	EndGlobalSection
	GlobalSection(ProjectConfigurationPlatforms) = postSolution
		{7C00046B-0A22-438F-AFEA-499620D90D0A}.Debug|Any CPU.ActiveCfg = Debug|Any CPU
		{7C00046B-0A22-438F-AFEA-499620D90D0A}.Debug|Any CPU.Build.0 = Debug|Any CPU
		{7C00046B-0A22-438F-AFEA-499620D90D0A}.Release|Any CPU.ActiveCfg = Release|Any CPU
		{7C00046B-0A22-438F-AFEA-499620D90D0A}.Release|Any CPU.Build.0 = Release|Any CPU
		{7F9BAF5D-EA0F-4084-96E9-D147D5CF310F}.Debug|Any CPU.ActiveCfg = Debug|Any CPU
		{7F9BAF5D-EA0F-4084-96E9-D147D5CF310F}.Debug|Any CPU.Build.0 = Debug|Any CPU
		{7F9BAF5D-EA0F-4084-96E9-D147D5CF310F}.Release|Any CPU.ActiveCfg = Release|Any CPU
		{7F9BAF5D-EA0F-4084-96E9-D147D5CF310F}.Release|Any CPU.Build.0 = Release|Any CPU
	EndGlobalSection
	GlobalSection(SolutionProperties) = preSolution
		HideSolutionNode = FALSE
	EndGlobalSection
	GlobalSection(NestedProjects) = preSolution
		{7C00046B-0A22-438F-AFEA-499620D90D0A} = {23C006F9-61C8-4FF2-8E87-A907DB06D727}
	EndGlobalSection
EndGlobal
